{
  "name": "unnoted-melody",
  "lockfileVersion": 3,
  "requires": true,
  "packages": {
    "": {
      "dependencies": {
        "algoliasearch": "^4.12.1"
      }
    },
    "node_modules/@algolia/cache-browser-local-storage": {
      "version": "4.12.1",
      "resolved": "https://mirrors.huaweicloud.com/repository/npm/@algolia/cache-browser-local-storage/-/cache-browser-local-storage-4.12.1.tgz",
      "integrity": "sha512-ERFFOnC9740xAkuO0iZTQqm2AzU7Dpz/s+g7o48GlZgx5p9GgNcsuK5eS0GoW/tAK+fnKlizCtlFHNuIWuvfsg==",
      "license": "MIT",
      "dependencies": {
        "@algolia/cache-common": "4.12.1"
      }
    },
    "node_modules/@algolia/cache-common": {
      "version": "4.12.1",
      "resolved": "https://mirrors.huaweicloud.com/repository/npm/@algolia/cache-common/-/cache-common-4.12.1.tgz",
      "integrity": "sha512-UugTER3V40jT+e19Dmph5PKMeliYKxycNPwrPNADin0RcWNfT2QksK9Ff2N2W7UKraqMOzoeDb4LAJtxcK1a8Q==",
      "license": "MIT"
    },
    "node_modules/@algolia/cache-in-memory": {
      "version": "4.12.1",
      "resolved": "https://mirrors.huaweicloud.com/repository/npm/@algolia/cache-in-memory/-/cache-in-memory-4.12.1.tgz",
      "integrity": "sha512-U6iaunaxK1lHsAf02UWF58foKFEcrVLsHwN56UkCtwn32nlP9rz52WOcHsgk6TJrL8NDcO5swMjtOQ5XHESFLw==",
      "license": "MIT",
      "dependencies": {
        "@algolia/cache-common": "4.12.1"
      }
    },
    "node_modules/@algolia/client-account": {
      "version": "4.12.1",
      "resolved": "https://mirrors.huaweicloud.com/repository/npm/@algolia/client-account/-/client-account-4.12.1.tgz",
      "integrity": "sha512-jGo4ConJNoMdTCR2zouO0jO/JcJmzOK6crFxMMLvdnB1JhmMbuIKluOTJVlBWeivnmcsqb7r0v7qTCPW5PAyxQ==",
      "license": "MIT",
      "dependencies": {
        "@algolia/client-common": "4.12.1",
        "@algolia/client-search": "4.12.1",
        "@algolia/transporter": "4.12.1"
      }
    },
    "node_modules/@algolia/client-analytics": {
      "version": "4.12.1",
      "resolved": "https://mirrors.huaweicloud.com/repository/npm/@algolia/client-analytics/-/client-analytics-4.12.1.tgz",
      "integrity": "sha512-h1It7KXzIthlhuhfBk7LteYq72tym9maQDUsyRW0Gft8b6ZQahnRak9gcCvKwhcJ1vJoP7T7JrNYGiYSicTD9g==",
      "license": "MIT",
      "dependencies": {
        "@algolia/client-common": "4.12.1",
        "@algolia/client-search": "4.12.1",
        "@algolia/requester-common": "4.12.1",
        "@algolia/transporter": "4.12.1"
      }
    },
    "node_modules/@algolia/client-common": {
      "version": "4.12.1",
      "resolved": "https://mirrors.huaweicloud.com/repository/npm/@algolia/client-common/-/client-common-4.12.1.tgz",
      "integrity": "sha512-obnJ8eSbv+h94Grk83DTGQ3bqhViSWureV6oK1s21/KMGWbb3DkduHm+lcwFrMFkjSUSzosLBHV9EQUIBvueTw==",
      "license": "MIT",
      "dependencies": {
        "@algolia/requester-common": "4.12.1",
        "@algolia/transporter": "4.12.1"
      }
    },
    "node_modules/@algolia/client-personalization": {
      "version": "4.12.1",
      "resolved": "https://mirrors.huaweicloud.com/repository/npm/@algolia/client-personalization/-/client-personalization-4.12.1.tgz",
      "integrity": "sha512-sMSnjjPjRgByGHYygV+5L/E8a6RgU7l2GbpJukSzJ9GRY37tHmBHuvahv8JjdCGJ2p7QDYLnQy5bN5Z02qjc7Q==",
      "license": "MIT",
      "dependencies": {
        "@algolia/client-common": "4.12.1",
        "@algolia/requester-common": "4.12.1",
        "@algolia/transporter": "4.12.1"
      }
    },
    "node_modules/@algolia/client-search": {
      "version": "4.12.1",
      "resolved": "https://mirrors.huaweicloud.com/repository/npm/@algolia/client-search/-/client-search-4.12.1.tgz",
      "integrity": "sha512-MwwKKprfY6X2nJ5Ki/ccXM2GDEePvVjZnnoOB2io3dLKW4fTqeSRlC5DRXeFD7UM0vOPPHr4ItV2aj19APKNVQ==",
      "license": "MIT",
      "dependencies": {
        "@algolia/client-common": "4.12.1",
        "@algolia/requester-common": "4.12.1",
        "@algolia/transporter": "4.12.1"
      }
    },
    "node_modules/@algolia/logger-common": {
      "version": "4.12.1",
      "resolved": "https://mirrors.huaweicloud.com/repository/npm/@algolia/logger-common/-/logger-common-4.12.1.tgz",
      "integrity": "sha512-fCgrzlXGATNqdFTxwx0GsyPXK+Uqrx1SZ3iuY2VGPPqdt1a20clAG2n2OcLHJpvaa6vMFPlJyWvbqAgzxdxBlQ==",
      "license": "MIT"
    },
    "node_modules/@algolia/logger-console": {
      "version": "4.12.1",
      "resolved": "https://mirrors.huaweicloud.com/repository/npm/@algolia/logger-console/-/logger-console-4.12.1.tgz",
      "integrity": "sha512-0owaEnq/davngQMYqxLA4KrhWHiXujQ1CU3FFnyUcMyBR7rGHI48zSOUpqnsAXrMBdSH6rH5BDkSUUFwsh8RkQ==",
      "license": "MIT",
      "dependencies": {
        "@algolia/logger-common": "4.12.1"
      }
    },
    "node_modules/@algolia/requester-browser-xhr": {
      "version": "4.12.1",
      "resolved": "https://mirrors.huaweicloud.com/repository/npm/@algolia/requester-browser-xhr/-/requester-browser-xhr-4.12.1.tgz",
      "integrity": "sha512-OaMxDyG0TZG0oqz1lQh9e3woantAG1bLnuwq3fmypsrQxra4IQZiyn1x+kEb69D2TcXApI5gOgrD4oWhtEVMtw==",
      "license": "MIT",
      "dependencies": {
        "@algolia/requester-common": "4.12.1"
      }
    },
    "node_modules/@algolia/requester-common": {
      "version": "4.12.1",
      "resolved": "https://mirrors.huaweicloud.com/repository/npm/@algolia/requester-common/-/requester-common-4.12.1.tgz",
      "integrity": "sha512-XWIrWQNJ1vIrSuL/bUk3ZwNMNxl+aWz6dNboRW6+lGTcMIwc3NBFE90ogbZKhNrFRff8zI4qCF15tjW+Fyhpow==",
      "license": "MIT"
    },
    "node_modules/@algolia/requester-node-http": {
      "version": "4.12.1",
      "resolved": "https://mirrors.huaweicloud.com/repository/npm/@algolia/requester-node-http/-/requester-node-http-4.12.1.tgz",
      "integrity": "sha512-awBtwaD+s0hxkA1aehYn8F0t9wqGoBVWgY4JPHBmp1ChO3pK7RKnnvnv7QQa9vTlllX29oPt/BBVgMo1Z3n1Qg==",
      "license": "MIT",
      "dependencies": {
        "@algolia/requester-common": "4.12.1"
      }
    },
    "node_modules/@algolia/transporter": {
      "version": "4.12.1",
      "resolved": "https://mirrors.huaweicloud.com/repository/npm/@algolia/transporter/-/transporter-4.12.1.tgz",
      "integrity": "sha512-BGeNgdEHc6dXIk2g8kdlOoQ6fQ6OIaKQcplEj7HPoi+XZUeAvRi3Pff3QWd7YmybWkjzd9AnTzieTASDWhL+sQ==",
      "license": "MIT",
      "dependencies": {
        "@algolia/cache-common": "4.12.1",
        "@algolia/logger-common": "4.12.1",
        "@algolia/requester-common": "4.12.1"
      }
    },
    "node_modules/algoliasearch": {
      "version": "4.12.1",
      "resolved": "https://mirrors.huaweicloud.com/repository/npm/algoliasearch/-/algoliasearch-4.12.1.tgz",
      "integrity": "sha512-c0dM1g3zZBJrkzE5GA/Nu1y3fFxx3LCzxKzcmp2dgGS8P4CjszB/l3lsSh2MSrrK1Hn/KV4BlbBMXtYgG1Bfrw==",
      "license": "MIT",
      "dependencies": {
        "@algolia/cache-browser-local-storage": "4.12.1",
        "@algolia/cache-common": "4.12.1",
        "@algolia/cache-in-memory": "4.12.1",
        "@algolia/client-account": "4.12.1",
        "@algolia/client-analytics": "4.12.1",
        "@algolia/client-common": "4.12.1",
        "@algolia/client-personalization": "4.12.1",
        "@algolia/client-search": "4.12.1",
        "@algolia/logger-common": "4.12.1",
        "@algolia/logger-console": "4.12.1",
        "@algolia/requester-browser-xhr": "4.12.1",
        "@algolia/requester-common": "4.12.1",
        "@algolia/requester-node-http": "4.12.1",
        "@algolia/transporter": "4.12.1"
      }
    }
  }
}
